// !$*UTF8*$!
{
	archiveVersion = 1;
	classes = {
	};
	objectVersion = 46;
	objects = {

/* Begin PBXBuildFile section */
		0E6EC75C1A01D3EB00EB009B /* Foundation.framework in Frameworks */ = {isa = PBXBuildFile; fileRef = 0E6EC75B1A01D3EB00EB009B /* Foundation.framework */; };
		0E6EC75E1A01D3EB00EB009B /* CoreGraphics.framework in Frameworks */ = {isa = PBXBuildFile; fileRef = 0E6EC75D1A01D3EB00EB009B /* CoreGraphics.framework */; };
		0E6EC7601A01D3EB00EB009B /* UIKit.framework in Frameworks */ = {isa = PBXBuildFile; fileRef = 0E6EC75F1A01D3EB00EB009B /* UIKit.framework */; };
		0E6EC7661A01D3EB00EB009B /* InfoPlist.strings in Resources */ = {isa = PBXBuildFile; fileRef = 0E6EC7641A01D3EB00EB009B /* InfoPlist.strings */; };
		0E6EC7681A01D3EB00EB009B /* main.m in Sources */ = {isa = PBXBuildFile; fileRef = 0E6EC7671A01D3EB00EB009B /* main.m */; };
		0E6EC76C1A01D3EB00EB009B /* AppDelegate.m in Sources */ = {isa = PBXBuildFile; fileRef = 0E6EC76B1A01D3EB00EB009B /* AppDelegate.m */; };
		0E6EC76E1A01D3EB00EB009B /* Images.xcassets in Resources */ = {isa = PBXBuildFile; fileRef = 0E6EC76D1A01D3EB00EB009B /* Images.xcassets */; };
		0E6EC78F1A01D45A00EB009B /* Shell.m in Sources */ = {isa = PBXBuildFile; fileRef = 0E6EC78B1A01D45A00EB009B /* Shell.m */; };
		0E6EC7901A01D45A00EB009B /* ShellViewController.m in Sources */ = {isa = PBXBuildFile; fileRef = 0E6EC78C1A01D45A00EB009B /* ShellViewController.m */; };
		0E6EC7911A01D45A00EB009B /* ShellViewController.xib in Resources */ = {isa = PBXBuildFile; fileRef = 0E6EC78D1A01D45A00EB009B /* ShellViewController.xib */; };
		0E6EC79B1A01D56C00EB009B /* README.md in Resources */ = {isa = PBXBuildFile; fileRef = 0E6EC79A1A01D56C00EB009B /* README.md */; };
		525A7B1D1BA0052F000B8453 /* NetUtils.m in Sources */ = {isa = PBXBuildFile; fileRef = 525A7B1B1BA0052F000B8453 /* NetUtils.m */; };
/* End PBXBuildFile section */

/* Begin PBXFileReference section */
		0E6EC7581A01D3EB00EB009B /* shell.app */ = {isa = PBXFileReference; explicitFileType = wrapper.application; includeInIndex = 0; path = shell.app; sourceTree = BUILT_PRODUCTS_DIR; };
		0E6EC75B1A01D3EB00EB009B /* Foundation.framework */ = {isa = PBXFileReference; lastKnownFileType = wrapper.framework; name = Foundation.framework; path = System/Library/Frameworks/Foundation.framework; sourceTree = SDKROOT; };
		0E6EC75D1A01D3EB00EB009B /* CoreGraphics.framework */ = {isa = PBXFileReference; lastKnownFileType = wrapper.framework; name = CoreGraphics.framework; path = System/Library/Frameworks/CoreGraphics.framework; sourceTree = SDKROOT; };
		0E6EC75F1A01D3EB00EB009B /* UIKit.framework */ = {isa = PBXFileReference; lastKnownFileType = wrapper.framework; name = UIKit.framework; path = System/Library/Frameworks/UIKit.framework; sourceTree = SDKROOT; };
		0E6EC7631A01D3EB00EB009B /* shell-Info.plist */ = {isa = PBXFileReference; lastKnownFileType = text.plist.xml; path = "shell-Info.plist"; sourceTree = "<group>"; };
		0E6EC7651A01D3EB00EB009B /* en */ = {isa = PBXFileReference; lastKnownFileType = text.plist.strings; name = en; path = en.lproj/InfoPlist.strings; sourceTree = "<group>"; };
		0E6EC7671A01D3EB00EB009B /* main.m */ = {isa = PBXFileReference; lastKnownFileType = sourcecode.c.objc; path = main.m; sourceTree = "<group>"; };
		0E6EC7691A01D3EB00EB009B /* shell-Prefix.pch */ = {isa = PBXFileReference; lastKnownFileType = sourcecode.c.h; path = "shell-Prefix.pch"; sourceTree = "<group>"; };
		0E6EC76A1A01D3EB00EB009B /* AppDelegate.h */ = {isa = PBXFileReference; lastKnownFileType = sourcecode.c.h; path = AppDelegate.h; sourceTree = "<group>"; };
		0E6EC76B1A01D3EB00EB009B /* AppDelegate.m */ = {isa = PBXFileReference; lastKnownFileType = sourcecode.c.objc; path = AppDelegate.m; sourceTree = "<group>"; };
		0E6EC76D1A01D3EB00EB009B /* Images.xcassets */ = {isa = PBXFileReference; lastKnownFileType = folder.assetcatalog; path = Images.xcassets; sourceTree = "<group>"; };
		0E6EC78A1A01D45A00EB009B /* Shell.h */ = {isa = PBXFileReference; fileEncoding = 4; lastKnownFileType = sourcecode.c.h; path = Shell.h; sourceTree = "<group>"; };
		0E6EC78B1A01D45A00EB009B /* Shell.m */ = {isa = PBXFileReference; fileEncoding = 4; lastKnownFileType = sourcecode.c.objc; path = Shell.m; sourceTree = "<group>"; };
		0E6EC78C1A01D45A00EB009B /* ShellViewController.m */ = {isa = PBXFileReference; fileEncoding = 4; lastKnownFileType = sourcecode.c.objc; path = ShellViewController.m; sourceTree = "<group>"; };
		0E6EC78D1A01D45A00EB009B /* ShellViewController.xib */ = {isa = PBXFileReference; fileEncoding = 4; lastKnownFileType = file.xib; path = ShellViewController.xib; sourceTree = "<group>"; };
		0E6EC78E1A01D45A00EB009B /* ShellViewController.h */ = {isa = PBXFileReference; fileEncoding = 4; lastKnownFileType = sourcecode.c.h; path = ShellViewController.h; sourceTree = "<group>"; };
		0E6EC79A1A01D56C00EB009B /* README.md */ = {isa = PBXFileReference; fileEncoding = 4; lastKnownFileType = text; path = README.md; sourceTree = "<group>"; };
		525A7B171BA0052F000B8453 /* if_arp.h */ = {isa = PBXFileReference; fileEncoding = 4; lastKnownFileType = sourcecode.c.h; path = if_arp.h; sourceTree = "<group>"; };
		525A7B181BA0052F000B8453 /* if_ether.h */ = {isa = PBXFileReference; fileEncoding = 4; lastKnownFileType = sourcecode.c.h; path = if_ether.h; sourceTree = "<group>"; };
		525A7B191BA0052F000B8453 /* ip_icmp.h */ = {isa = PBXFileReference; fileEncoding = 4; lastKnownFileType = sourcecode.c.h; path = ip_icmp.h; sourceTree = "<group>"; };
		525A7B1A1BA0052F000B8453 /* NetUtils.h */ = {isa = PBXFileReference; fileEncoding = 4; lastKnownFileType = sourcecode.c.h; path = NetUtils.h; sourceTree = "<group>"; };
		525A7B1B1BA0052F000B8453 /* NetUtils.m */ = {isa = PBXFileReference; fileEncoding = 4; lastKnownFileType = sourcecode.c.objc; path = NetUtils.m; sourceTree = "<group>"; };
		525A7B1C1BA0052F000B8453 /* route.h */ = {isa = PBXFileReference; fileEncoding = 4; lastKnownFileType = sourcecode.c.h; path = route.h; sourceTree = "<group>"; };
/* End PBXFileReference section */

/* Begin PBXFrameworksBuildPhase section */
		0E6EC7551A01D3EB00EB009B /* Frameworks */ = {
			isa = PBXFrameworksBuildPhase;
			buildActionMask = 2147483647;
			files = (
				0E6EC75E1A01D3EB00EB009B /* CoreGraphics.framework in Frameworks */,
				0E6EC7601A01D3EB00EB009B /* UIKit.framework in Frameworks */,
				0E6EC75C1A01D3EB00EB009B /* Foundation.framework in Frameworks */,
			);
			runOnlyForDeploymentPostprocessing = 0;
		};
/* End PBXFrameworksBuildPhase section */

/* Begin PBXGroup section */
		0E6EC74F1A01D3EB00EB009B = {
			isa = PBXGroup;
			children = (
				0E6EC79A1A01D56C00EB009B /* README.md */,
				0E6EC7611A01D3EB00EB009B /* shell */,
				0E6EC75A1A01D3EB00EB009B /* Frameworks */,
				0E6EC7591A01D3EB00EB009B /* Products */,
			);
			sourceTree = "<group>";
		};
		0E6EC7591A01D3EB00EB009B /* Products */ = {
			isa = PBXGroup;
			children = (
				0E6EC7581A01D3EB00EB009B /* shell.app */,
			);
			name = Products;
			sourceTree = "<group>";
		};
		0E6EC75A1A01D3EB00EB009B /* Frameworks */ = {
			isa = PBXGroup;
			children = (
				0E6EC75B1A01D3EB00EB009B /* Foundation.framework */,
				0E6EC75D1A01D3EB00EB009B /* CoreGraphics.framework */,
				0E6EC75F1A01D3EB00EB009B /* UIKit.framework */,
			);
			name = Frameworks;
			sourceTree = "<group>";
		};
		0E6EC7611A01D3EB00EB009B /* shell */ = {
			isa = PBXGroup;
			children = (
				525A7B161BA0052F000B8453 /* net */,
				0E6EC78A1A01D45A00EB009B /* Shell.h */,
				0E6EC78B1A01D45A00EB009B /* Shell.m */,
				0E6EC78C1A01D45A00EB009B /* ShellViewController.m */,
				0E6EC78D1A01D45A00EB009B /* ShellViewController.xib */,
				0E6EC78E1A01D45A00EB009B /* ShellViewController.h */,
				0E6EC76A1A01D3EB00EB009B /* AppDelegate.h */,
				0E6EC76B1A01D3EB00EB009B /* AppDelegate.m */,
				0E6EC76D1A01D3EB00EB009B /* Images.xcassets */,
				0E6EC7621A01D3EB00EB009B /* Supporting Files */,
			);
			path = shell;
			sourceTree = "<group>";
		};
		0E6EC7621A01D3EB00EB009B /* Supporting Files */ = {
			isa = PBXGroup;
			children = (
				0E6EC7631A01D3EB00EB009B /* shell-Info.plist */,
				0E6EC7641A01D3EB00EB009B /* InfoPlist.strings */,
				0E6EC7671A01D3EB00EB009B /* main.m */,
				0E6EC7691A01D3EB00EB009B /* shell-Prefix.pch */,
			);
			name = "Supporting Files";
			sourceTree = "<group>";
		};
		525A7B161BA0052F000B8453 /* net */ = {
			isa = PBXGroup;
			children = (
				525A7B171BA0052F000B8453 /* if_arp.h */,
				525A7B181BA0052F000B8453 /* if_ether.h */,
				525A7B191BA0052F000B8453 /* ip_icmp.h */,
				525A7B1A1BA0052F000B8453 /* NetUtils.h */,
				525A7B1B1BA0052F000B8453 /* NetUtils.m */,
				525A7B1C1BA0052F000B8453 /* route.h */,
			);
			path = net;
			sourceTree = "<group>";
		};
/* End PBXGroup section */

/* Begin PBXNativeTarget section */
		0E6EC7571A01D3EB00EB009B /* shell */ = {
			isa = PBXNativeTarget;
			buildConfigurationList = 0E6EC7841A01D3EB00EB009B /* Build configuration list for PBXNativeTarget "shell" */;
			buildPhases = (
				0E6EC7541A01D3EB00EB009B /* Sources */,
				0E6EC7551A01D3EB00EB009B /* Frameworks */,
				0E6EC7561A01D3EB00EB009B /* Resources */,
			);
			buildRules = (
			);
			dependencies = (
			);
			name = shell;
			productName = shell;
			productReference = 0E6EC7581A01D3EB00EB009B /* shell.app */;
			productType = "com.apple.product-type.application";
		};
/* End PBXNativeTarget section */

/* Begin PBXProject section */
		0E6EC7501A01D3EB00EB009B /* Project object */ = {
			isa = PBXProject;
			attributes = {
				LastUpgradeCheck = 0510;
				ORGANIZATIONNAME = webuser;
			};
			buildConfigurationList = 0E6EC7531A01D3EB00EB009B /* Build configuration list for PBXProject "shell" */;
			compatibilityVersion = "Xcode 3.2";
			developmentRegion = English;
			hasScannedForEncodings = 0;
			knownRegions = (
				en,
			);
			mainGroup = 0E6EC74F1A01D3EB00EB009B;
			productRefGroup = 0E6EC7591A01D3EB00EB009B /* Products */;
			projectDirPath = "";
			projectRoot = "";
			targets = (
				0E6EC7571A01D3EB00EB009B /* shell */,
			);
		};
/* End PBXProject section */

/* Begin PBXResourcesBuildPhase section */
		0E6EC7561A01D3EB00EB009B /* Resources */ = {
			isa = PBXResourcesBuildPhase;
			buildActionMask = 2147483647;
			files = (
				0E6EC7661A01D3EB00EB009B /* InfoPlist.strings in Resources */,
				0E6EC76E1A01D3EB00EB009B /* Images.xcassets in Resources */,
				0E6EC79B1A01D56C00EB009B /* README.md in Resources */,
				0E6EC7911A01D45A00EB009B /* ShellViewController.xib in Resources */,
			);
			runOnlyForDeploymentPostprocessing = 0;
		};
/* End PBXResourcesBuildPhase section */

/* Begin PBXSourcesBuildPhase section */
		0E6EC7541A01D3EB00EB009B /* Sources */ = {
			isa = PBXSourcesBuildPhase;
			buildActionMask = 2147483647;
			files = (
				0E6EC78F1A01D45A00EB009B /* Shell.m in Sources */,
				0E6EC76C1A01D3EB00EB009B /* AppDelegate.m in Sources */,
				0E6EC7681A01D3EB00EB009B /* main.m in Sources */,
				525A7B1D1BA0052F000B8453 /* NetUtils.m in Sources */,
				0E6EC7901A01D45A00EB009B /* ShellViewController.m in Sources */,
			);
			runOnlyForDeploymentPostprocessing = 0;
		};
/* End PBXSourcesBuildPhase section */

/* Begin PBXVariantGroup section */
		0E6EC7641A01D3EB00EB009B /* InfoPlist.strings */ = {
			isa = PBXVariantGroup;
			children = (
				0E6EC7651A01D3EB00EB009B /* en */,
			);
			name = InfoPlist.strings;
			sourceTree = "<group>";
		};
/* End PBXVariantGroup section */

/* Begin XCBuildConfiguration section */
		0E6EC7821A01D3EB00EB009B /* Debug */ = {
			isa = XCBuildConfiguration;
			buildSettings = {
				ALWAYS_SEARCH_USER_PATHS = NO;
				CLANG_CXX_LANGUAGE_STANDARD = "gnu++0x";
				CLANG_CXX_LIBRARY = "libc++";
				CLANG_ENABLE_MODULES = YES;
				CLANG_ENABLE_OBJC_ARC = YES;
				CLANG_WARN_BOOL_CONVERSION = YES;
				CLANG_WARN_CONSTANT_CONVERSION = YES;
				CLANG_WARN_DIRECT_OBJC_ISA_USAGE = YES_ERROR;
				CLANG_WARN_EMPTY_BODY = YES;
				CLANG_WARN_ENUM_CONVERSION = YES;
				CLANG_WARN_INT_CONVERSION = YES;
				CLANG_WARN_OBJC_ROOT_CLASS = YES_ERROR;
				CLANG_WARN__DUPLICATE_METHOD_MATCH = YES;
				"CODE_SIGN_IDENTITY[sdk=iphoneos*]" = "iPhone Developer";
				COPY_PHASE_STRIP = NO;
				GCC_C_LANGUAGE_STANDARD = gnu99;
				GCC_DYNAMIC_NO_PIC = NO;
				GCC_OPTIMIZATION_LEVEL = 0;
				GCC_PREPROCESSOR_DEFINITIONS = (
					"DEBUG=1",
					"$(inherited)",
				);
				GCC_SYMBOLS_PRIVATE_EXTERN = NO;
				GCC_WARN_64_TO_32_BIT_CONVERSION = YES;
				GCC_WARN_ABOUT_RETURN_TYPE = YES_ERROR;
				GCC_WARN_UNDECLARED_SELECTOR = YES;
				GCC_WARN_UNINITIALIZED_AUTOS = YES_AGGRESSIVE;
				GCC_WARN_UNUSED_FUNCTION = YES;
				GCC_WARN_UNUSED_VARIABLE = YES;
				IPHONEOS_DEPLOYMENT_TARGET = 7.1;
				ONLY_ACTIVE_ARCH = YES;
				SDKROOT = iphoneos;
			};
			name = Debug;
		};
		0E6EC7831A01D3EB00EB009B /* Release */ = {
			isa = XCBuildConfiguration;
			buildSettings = {
				ALWAYS_SEARCH_USER_PATHS = NO;
				CLANG_CXX_LANGUAGE_STANDARD = "gnu++0x";
				CLANG_CXX_LIBRARY = "libc++";
				CLANG_ENABLE_MODULES = YES;
				CLANG_ENABLE_OBJC_ARC = YES;
				CLANG_WARN_BOOL_CONVERSION = YES;
				CLANG_WARN_CONSTANT_CONVERSION = YES;
				CLANG_WARN_DIRECT_OBJC_ISA_USAGE = YES_ERROR;
				CLANG_WARN_EMPTY_BODY = YES;
				CLANG_WARN_ENUM_CONVERSION = YES;
				CLANG_WARN_INT_CONVERSION = YES;
				CLANG_WARN_OBJC_ROOT_CLASS = YES_ERROR;
				CLANG_WARN__DUPLICATE_METHOD_MATCH = YES;
				"CODE_SIGN_IDENTITY[sdk=iphoneos*]" = "iPhone Developer";
				COPY_PHASE_STRIP = YES;
				ENABLE_NS_ASSERTIONS = NO;
				GCC_C_LANGUAGE_STANDARD = gnu99;
				GCC_WARN_64_TO_32_BIT_CONVERSION = YES;
				GCC_WARN_ABOUT_RETURN_TYPE = YES_ERROR;
				GCC_WARN_UNDECLARED_SELECTOR = YES;
				GCC_WARN_UNINITIALIZED_AUTOS = YES_AGGRESSIVE;
				GCC_WARN_UNUSED_FUNCTION = YES;
				GCC_WARN_UNUSED_VARIABLE = YES;
				IPHONEOS_DEPLOYMENT_TARGET = 7.1;
				SDKROOT = iphoneos;
				VALIDATE_PRODUCT = YES;
			};
			name = Release;
		};
		0E6EC7851A01D3EB00EB009B /* Debug */ = {
			isa = XCBuildConfiguration;
			buildSettings = {
				ASSETCATALOG_COMPILER_APPICON_NAME = AppIcon;
				ASSETCATALOG_COMPILER_LAUNCHIMAGE_NAME = LaunchImage;
				GCC_PRECOMPILE_PREFIX_HEADER = YES;
				GCC_PREFIX_HEADER = "shell/shell-Prefix.pch";
				INFOPLIST_FILE = "shell/shell-Info.plist";
				PRODUCT_NAME = "$(TARGET_NAME)";
				WRAPPER_EXTENSION = app;
			};
			name = Debug;
		};
		0E6EC7861A01D3EB00EB009B /* Release */ = {
			isa = XCBuildConfiguration;
			buildSettings = {
				ASSETCATALOG_COMPILER_APPICON_NAME = AppIcon;
				ASSETCATALOG_COMPILER_LAUNCHIMAGE_NAME = LaunchImage;
				GCC_PRECOMPILE_PREFIX_HEADER = YES;
				GCC_PREFIX_HEADER = "shell/shell-Prefix.pch";
				INFOPLIST_FILE = "shell/shell-Info.plist";
				PRODUCT_NAME = "$(TARGET_NAME)";
				WRAPPER_EXTENSION = app;
			};
			name = Release;
		};
/* End XCBuildConfiguration section */

/* Begin XCConfigurationList section */
		0E6EC7531A01D3EB00EB009B /* Build configuration list for PBXProject "shell" */ = {
			isa = XCConfigurationList;
			buildConfigurations = (
				0E6EC7821A01D3EB00EB009B /* Debug */,
				0E6EC7831A01D3EB00EB009B /* Release */,
			);
			defaultConfigurationIsVisible = 0;
			defaultConfigurationName = Release;
		};
		0E6EC7841A01D3EB00EB009B /* Build configuration list for PBXNativeTarget "shell" */ = {
			isa = XCConfigurationList;
			buildConfigurations = (
				0E6EC7851A01D3EB00EB009B /* Debug */,
				0E6EC7861A01D3EB00EB009B /* Release */,
			);
			defaultConfigurationIsVisible = 0;
			defaultConfigurationName = Release;
		};
/* End XCConfigurationList section */
	};
	rootObject = 0E6EC7501A01D3EB00EB009B /* Project object */;
}
